github.com/HugoBlox/hugo-blox-builder/modules/blox-plugin-netlify v1.1.2-0.20231108143325-448ed0e3bd2b h1:W8YVjA0quc4omsSJbsf80MRlB8Cd9DXnqlgYehikezM=
github.com/HugoBlox/hugo-blox-builder/modules/blox-plugin-netlify v1.1.2-0.20231108143325-448ed0e3bd2b/go.mod h1:C7jfxMLv1bEUqbM9XDSmEpfOpS8w06OgqNDEcbuRgL4=
github.com/HugoBlox/hugo-blox-builder/modules/blox-tailwind v0.1.2-0.20231217135217-f1e179b23dc3 h1:A70pz/pays386s0WrVc2SWnQJn38c8sGODskdFwW3y0=
github.com/HugoBlox/hugo-blox-builder/modules/blox-tailwind v0.1.2-0.20231217135217-f1e179b23dc3/go.mod h1:FO/K1u9E5pV6/56pl8DytwJY9vNLx7OVrtZjIcBoMi0=
